// !$*UTF8*$!
{
	archiveVersion = 1;
	classes = {
	};
	objectVersion = 51;
	objects = {

/* Begin PBXBuildFile section */
		2C6E7C77D9BCB0E9B7C021A5 /* Pods_PhotoAppDemo.framework in Frameworks */ = {isa = PBXBuildFile; fileRef = 1357C6DB03CD0DEB234A74D8 /* Pods_PhotoAppDemo.framework */; };
		3E6C3B17EE5425F2C7F9AD6C /* Pods_PhotoAppDemoTests.framework in Frameworks */ = {isa = PBXBuildFile; fileRef = 3989021A1F391CCD92853583 /* Pods_PhotoAppDemoTests.framework */; };
		9CA149A9DCDCD3CB3F59FD00 /* Pods_PhotoAppDemo_PhotoAppDemoUITests.framework in Frameworks */ = {isa = PBXBuildFile; fileRef = 2A7F8C96172EDA3942E32375 /* Pods_PhotoAppDemo_PhotoAppDemoUITests.framework */; };
		F88C527426A0777F00A51C61 /* AppDelegate.swift in Sources */ = {isa = PBXBuildFile; fileRef = F88C527326A0777F00A51C61 /* AppDelegate.swift */; };
		F88C528B26A0778000A51C61 /* PhotoAppDemoTests.swift in Sources */ = {isa = PBXBuildFile; fileRef = F88C528A26A0778000A51C61 /* PhotoAppDemoTests.swift */; };
		F88C529626A0778000A51C61 /* PhotoAppDemoUITests.swift in Sources */ = {isa = PBXBuildFile; fileRef = F88C529526A0778000A51C61 /* PhotoAppDemoUITests.swift */; };
		F8C8C9D926A19DD0009FEE66 /* LaunchScreen.storyboard in Resources */ = {isa = PBXBuildFile; fileRef = F8C8C9CF26A19DD0009FEE66 /* LaunchScreen.storyboard */; };
		F8C8C9DA26A19DD0009FEE66 /* Main.storyboard in Resources */ = {isa = PBXBuildFile; fileRef = F8C8C9D126A19DD0009FEE66 /* Main.storyboard */; };
		F8C8C9DB26A19DD0009FEE66 /* Assets.xcassets in Resources */ = {isa = PBXBuildFile; fileRef = F8C8C9D326A19DD0009FEE66 /* Assets.xcassets */; };
		F8C8C9E326A19ED6009FEE66 /* Logger.swift in Sources */ = {isa = PBXBuildFile; fileRef = F8C8C9E226A19ED6009FEE66 /* Logger.swift */; };
		F8C8C9FE26A19F63009FEE66 /* AppConfig.swift in Sources */ = {isa = PBXBuildFile; fileRef = F8C8C9FD26A19F63009FEE66 /* AppConfig.swift */; };
		F8C8CA1C26A1A58C009FEE66 /* APIServerResponse.swift in Sources */ = {isa = PBXBuildFile; fileRef = F8C8CA0D26A1A58C009FEE66 /* APIServerResponse.swift */; };
		F8C8CA1D26A1A58C009FEE66 /* APIServerResponseError.swift in Sources */ = {isa = PBXBuildFile; fileRef = F8C8CA0E26A1A58C009FEE66 /* APIServerResponseError.swift */; };
		F8C8CA1E26A1A58C009FEE66 /* APIServerResponseStatus.swift in Sources */ = {isa = PBXBuildFile; fileRef = F8C8CA0F26A1A58C009FEE66 /* APIServerResponseStatus.swift */; };
		F8C8CA1F26A1A58C009FEE66 /* APIClientService.swift in Sources */ = {isa = PBXBuildFile; fileRef = F8C8CA1126A1A58C009FEE66 /* APIClientService.swift */; };
		F8C8CA2026A1A58C009FEE66 /* APIAuthenticatior.swift in Sources */ = {isa = PBXBuildFile; fileRef = F8C8CA1226A1A58C009FEE66 /* APIAuthenticatior.swift */; };
		F8C8CA2126A1A58C009FEE66 /* NetworkService.swift in Sources */ = {isa = PBXBuildFile; fileRef = F8C8CA1426A1A58C009FEE66 /* NetworkService.swift */; };
		F8C8CA2226A1A58C009FEE66 /* NetworkResponseValidation.swift in Sources */ = {isa = PBXBuildFile; fileRef = F8C8CA1526A1A58C009FEE66 /* NetworkResponseValidation.swift */; };
		F8C8CA2326A1A58C009FEE66 /* NetworkRequest.swift in Sources */ = {isa = PBXBuildFile; fileRef = F8C8CA1626A1A58C009FEE66 /* NetworkRequest.swift */; };
		F8C8CA2426A1A58C009FEE66 /* APIParametersRequest.swift in Sources */ = {isa = PBXBuildFile; fileRef = F8C8CA1826A1A58C009FEE66 /* APIParametersRequest.swift */; };
		F8C8CA2626A1A58C009FEE66 /* HTTPResponseValidation.swift in Sources */ = {isa = PBXBuildFile; fileRef = F8C8CA1A26A1A58C009FEE66 /* HTTPResponseValidation.swift */; };
		F8C8CA2726A1A58C009FEE66 /* APIEncodableRequest.swift in Sources */ = {isa = PBXBuildFile; fileRef = F8C8CA1B26A1A58C009FEE66 /* APIEncodableRequest.swift */; };
		F8C8CA2F26A1BCB0009FEE66 /* AppStrings.swift in Sources */ = {isa = PBXBuildFile; fileRef = F8C8CA2E26A1BCB0009FEE66 /* AppStrings.swift */; };
		F8C8CA3E26A1BD79009FEE66 /* DispatchQueue+Additional.swift in Sources */ = {isa = PBXBuildFile; fileRef = F8C8CA3726A1BD79009FEE66 /* DispatchQueue+Additional.swift */; };
		F8C8CA3F26A1BD79009FEE66 /* Bundle+Extension.swift in Sources */ = {isa = PBXBuildFile; fileRef = F8C8CA3826A1BD79009FEE66 /* Bundle+Extension.swift */; };
		F8C8CA4026A1BD79009FEE66 /* Collection+Additionals.swift in Sources */ = {isa = PBXBuildFile; fileRef = F8C8CA3926A1BD79009FEE66 /* Collection+Additionals.swift */; };
		F8C8CA4126A1BD79009FEE66 /* DateFormatter+Extension.swift in Sources */ = {isa = PBXBuildFile; fileRef = F8C8CA3A26A1BD79009FEE66 /* DateFormatter+Extension.swift */; };
		F8C8CA4226A1BD79009FEE66 /* String+EmptyChecker.swift in Sources */ = {isa = PBXBuildFile; fileRef = F8C8CA3B26A1BD79009FEE66 /* String+EmptyChecker.swift */; };
		F8C8CA4326A1BD79009FEE66 /* Result+Extension.swift in Sources */ = {isa = PBXBuildFile; fileRef = F8C8CA3C26A1BD79009FEE66 /* Result+Extension.swift */; };
		F8C8CA4426A1BD79009FEE66 /* String+Localization.swift in Sources */ = {isa = PBXBuildFile; fileRef = F8C8CA3D26A1BD79009FEE66 /* String+Localization.swift */; };
		F8C8CA5026A1BDDA009FEE66 /* AnyPublisher+Helper.swift in Sources */ = {isa = PBXBuildFile; fileRef = F8C8CA4C26A1BDDA009FEE66 /* AnyPublisher+Helper.swift */; };
		F8C8CA5126A1BDDA009FEE66 /* RxSwift+Unwrap.swift in Sources */ = {isa = PBXBuildFile; fileRef = F8C8CA4E26A1BDDA009FEE66 /* RxSwift+Unwrap.swift */; };
		F8C8CA5226A1BDDA009FEE66 /* Single+Additionals.swift in Sources */ = {isa = PBXBuildFile; fileRef = F8C8CA4F26A1BDDA009FEE66 /* Single+Additionals.swift */; };
		F8C8CA5A26A1BE65009FEE66 /* AtomicWrapper.swift in Sources */ = {isa = PBXBuildFile; fileRef = F8C8CA5926A1BE65009FEE66 /* AtomicWrapper.swift */; };
/* End PBXBuildFile section */

/* Begin PBXContainerItemProxy section */
		F88C528726A0778000A51C61 /* PBXContainerItemProxy */ = {
			isa = PBXContainerItemProxy;
			containerPortal = F88C526826A0777F00A51C61 /* Project object */;
			proxyType = 1;
			remoteGlobalIDString = F88C526F26A0777F00A51C61;
			remoteInfo = PhotoAppDemo;
		};
		F88C529226A0778000A51C61 /* PBXContainerItemProxy */ = {
			isa = PBXContainerItemProxy;
			containerPortal = F88C526826A0777F00A51C61 /* Project object */;
			proxyType = 1;
			remoteGlobalIDString = F88C526F26A0777F00A51C61;
			remoteInfo = PhotoAppDemo;
		};
/* End PBXContainerItemProxy section */

/* Begin PBXFileReference section */
		1357C6DB03CD0DEB234A74D8 /* Pods_PhotoAppDemo.framework */ = {isa = PBXFileReference; explicitFileType = wrapper.framework; includeInIndex = 0; path = Pods_PhotoAppDemo.framework; sourceTree = BUILT_PRODUCTS_DIR; };
		28CD5C77A1DD4B976AC7BE66 /* Pods-PhotoAppDemo-PhotoAppDemoUITests.debug.xcconfig */ = {isa = PBXFileReference; includeInIndex = 1; lastKnownFileType = text.xcconfig; name = "Pods-PhotoAppDemo-PhotoAppDemoUITests.debug.xcconfig"; path = "Target Support Files/Pods-PhotoAppDemo-PhotoAppDemoUITests/Pods-PhotoAppDemo-PhotoAppDemoUITests.debug.xcconfig"; sourceTree = "<group>"; };
		2A7F8C96172EDA3942E32375 /* Pods_PhotoAppDemo_PhotoAppDemoUITests.framework */ = {isa = PBXFileReference; explicitFileType = wrapper.framework; includeInIndex = 0; path = Pods_PhotoAppDemo_PhotoAppDemoUITests.framework; sourceTree = BUILT_PRODUCTS_DIR; };
		3989021A1F391CCD92853583 /* Pods_PhotoAppDemoTests.framework */ = {isa = PBXFileReference; explicitFileType = wrapper.framework; includeInIndex = 0; path = Pods_PhotoAppDemoTests.framework; sourceTree = BUILT_PRODUCTS_DIR; };
		AEDC41CD9EE61107983D846D /* Pods-PhotoAppDemo.release.xcconfig */ = {isa = PBXFileReference; includeInIndex = 1; lastKnownFileType = text.xcconfig; name = "Pods-PhotoAppDemo.release.xcconfig"; path = "Target Support Files/Pods-PhotoAppDemo/Pods-PhotoAppDemo.release.xcconfig"; sourceTree = "<group>"; };
		B0A806F498D75C3E5CFEE7B6 /* Pods-PhotoAppDemo.debug.xcconfig */ = {isa = PBXFileReference; includeInIndex = 1; lastKnownFileType = text.xcconfig; name = "Pods-PhotoAppDemo.debug.xcconfig"; path = "Target Support Files/Pods-PhotoAppDemo/Pods-PhotoAppDemo.debug.xcconfig"; sourceTree = "<group>"; };
		E1119B6160D385A0EE682A76 /* Pods-PhotoAppDemoTests.debug.xcconfig */ = {isa = PBXFileReference; includeInIndex = 1; lastKnownFileType = text.xcconfig; name = "Pods-PhotoAppDemoTests.debug.xcconfig"; path = "Target Support Files/Pods-PhotoAppDemoTests/Pods-PhotoAppDemoTests.debug.xcconfig"; sourceTree = "<group>"; };
		F68C5BAE1CBA3E3D975C09F4 /* Pods-PhotoAppDemo-PhotoAppDemoUITests.release.xcconfig */ = {isa = PBXFileReference; includeInIndex = 1; lastKnownFileType = text.xcconfig; name = "Pods-PhotoAppDemo-PhotoAppDemoUITests.release.xcconfig"; path = "Target Support Files/Pods-PhotoAppDemo-PhotoAppDemoUITests/Pods-PhotoAppDemo-PhotoAppDemoUITests.release.xcconfig"; sourceTree = "<group>"; };
		F88C527026A0777F00A51C61 /* PhotoAppDemo.app */ = {isa = PBXFileReference; explicitFileType = wrapper.application; includeInIndex = 0; path = PhotoAppDemo.app; sourceTree = BUILT_PRODUCTS_DIR; };
		F88C527326A0777F00A51C61 /* AppDelegate.swift */ = {isa = PBXFileReference; lastKnownFileType = sourcecode.swift; path = AppDelegate.swift; sourceTree = "<group>"; };
		F88C528126A0777F00A51C61 /* Info.plist */ = {isa = PBXFileReference; lastKnownFileType = text.plist.xml; path = Info.plist; sourceTree = "<group>"; };
		F88C528626A0778000A51C61 /* PhotoAppDemoTests.xctest */ = {isa = PBXFileReference; explicitFileType = wrapper.cfbundle; includeInIndex = 0; path = PhotoAppDemoTests.xctest; sourceTree = BUILT_PRODUCTS_DIR; };
		F88C528A26A0778000A51C61 /* PhotoAppDemoTests.swift */ = {isa = PBXFileReference; lastKnownFileType = sourcecode.swift; path = PhotoAppDemoTests.swift; sourceTree = "<group>"; };
		F88C528C26A0778000A51C61 /* Info.plist */ = {isa = PBXFileReference; lastKnownFileType = text.plist.xml; path = Info.plist; sourceTree = "<group>"; };
		F88C529126A0778000A51C61 /* PhotoAppDemoUITests.xctest */ = {isa = PBXFileReference; explicitFileType = wrapper.cfbundle; includeInIndex = 0; path = PhotoAppDemoUITests.xctest; sourceTree = BUILT_PRODUCTS_DIR; };
		F88C529526A0778000A51C61 /* PhotoAppDemoUITests.swift */ = {isa = PBXFileReference; lastKnownFileType = sourcecode.swift; path = PhotoAppDemoUITests.swift; sourceTree = "<group>"; };
		F88C529726A0778000A51C61 /* Info.plist */ = {isa = PBXFileReference; lastKnownFileType = text.plist.xml; path = Info.plist; sourceTree = "<group>"; };
		F8C8C9D026A19DD0009FEE66 /* Base */ = {isa = PBXFileReference; lastKnownFileType = file.storyboard; name = Base; path = Base.lproj/LaunchScreen.storyboard; sourceTree = "<group>"; };
		F8C8C9D226A19DD0009FEE66 /* Base */ = {isa = PBXFileReference; lastKnownFileType = file.storyboard; name = Base; path = Base.lproj/Main.storyboard; sourceTree = "<group>"; };
		F8C8C9D326A19DD0009FEE66 /* Assets.xcassets */ = {isa = PBXFileReference; lastKnownFileType = folder.assetcatalog; path = Assets.xcassets; sourceTree = "<group>"; };
		F8C8C9E226A19ED6009FEE66 /* Logger.swift */ = {isa = PBXFileReference; lastKnownFileType = sourcecode.swift; path = Logger.swift; sourceTree = "<group>"; };
		F8C8C9FD26A19F63009FEE66 /* AppConfig.swift */ = {isa = PBXFileReference; lastKnownFileType = sourcecode.swift; path = AppConfig.swift; sourceTree = "<group>"; };
		F8C8CA0D26A1A58C009FEE66 /* APIServerResponse.swift */ = {isa = PBXFileReference; fileEncoding = 4; lastKnownFileType = sourcecode.swift; path = APIServerResponse.swift; sourceTree = "<group>"; };
		F8C8CA0E26A1A58C009FEE66 /* APIServerResponseError.swift */ = {isa = PBXFileReference; fileEncoding = 4; lastKnownFileType = sourcecode.swift; path = APIServerResponseError.swift; sourceTree = "<group>"; };
		F8C8CA0F26A1A58C009FEE66 /* APIServerResponseStatus.swift */ = {isa = PBXFileReference; fileEncoding = 4; lastKnownFileType = sourcecode.swift; path = APIServerResponseStatus.swift; sourceTree = "<group>"; };
		F8C8CA1126A1A58C009FEE66 /* APIClientService.swift */ = {isa = PBXFileReference; fileEncoding = 4; lastKnownFileType = sourcecode.swift; path = APIClientService.swift; sourceTree = "<group>"; };
		F8C8CA1226A1A58C009FEE66 /* APIAuthenticatior.swift */ = {isa = PBXFileReference; fileEncoding = 4; lastKnownFileType = sourcecode.swift; path = APIAuthenticatior.swift; sourceTree = "<group>"; };
		F8C8CA1426A1A58C009FEE66 /* NetworkService.swift */ = {isa = PBXFileReference; fileEncoding = 4; lastKnownFileType = sourcecode.swift; path = NetworkService.swift; sourceTree = "<group>"; };
		F8C8CA1526A1A58C009FEE66 /* NetworkResponseValidation.swift */ = {isa = PBXFileReference; fileEncoding = 4; lastKnownFileType = sourcecode.swift; path = NetworkResponseValidation.swift; sourceTree = "<group>"; };
		F8C8CA1626A1A58C009FEE66 /* NetworkRequest.swift */ = {isa = PBXFileReference; fileEncoding = 4; lastKnownFileType = sourcecode.swift; path = NetworkRequest.swift; sourceTree = "<group>"; };
		F8C8CA1826A1A58C009FEE66 /* APIParametersRequest.swift */ = {isa = PBXFileReference; fileEncoding = 4; lastKnownFileType = sourcecode.swift; path = APIParametersRequest.swift; sourceTree = "<group>"; };
		F8C8CA1A26A1A58C009FEE66 /* HTTPResponseValidation.swift */ = {isa = PBXFileReference; fileEncoding = 4; lastKnownFileType = sourcecode.swift; path = HTTPResponseValidation.swift; sourceTree = "<group>"; };
		F8C8CA1B26A1A58C009FEE66 /* APIEncodableRequest.swift */ = {isa = PBXFileReference; fileEncoding = 4; lastKnownFileType = sourcecode.swift; path = APIEncodableRequest.swift; sourceTree = "<group>"; };
		F8C8CA2E26A1BCB0009FEE66 /* AppStrings.swift */ = {isa = PBXFileReference; lastKnownFileType = sourcecode.swift; path = AppStrings.swift; sourceTree = "<group>"; };
		F8C8CA3726A1BD79009FEE66 /* DispatchQueue+Additional.swift */ = {isa = PBXFileReference; fileEncoding = 4; lastKnownFileType = sourcecode.swift; path = "DispatchQueue+Additional.swift"; sourceTree = "<group>"; };
		F8C8CA3826A1BD79009FEE66 /* Bundle+Extension.swift */ = {isa = PBXFileReference; fileEncoding = 4; lastKnownFileType = sourcecode.swift; path = "Bundle+Extension.swift"; sourceTree = "<group>"; };
		F8C8CA3926A1BD79009FEE66 /* Collection+Additionals.swift */ = {isa = PBXFileReference; fileEncoding = 4; lastKnownFileType = sourcecode.swift; path = "Collection+Additionals.swift"; sourceTree = "<group>"; };
		F8C8CA3A26A1BD79009FEE66 /* DateFormatter+Extension.swift */ = {isa = PBXFileReference; fileEncoding = 4; lastKnownFileType = sourcecode.swift; path = "DateFormatter+Extension.swift"; sourceTree = "<group>"; };
		F8C8CA3B26A1BD79009FEE66 /* String+EmptyChecker.swift */ = {isa = PBXFileReference; fileEncoding = 4; lastKnownFileType = sourcecode.swift; path = "String+EmptyChecker.swift"; sourceTree = "<group>"; };
		F8C8CA3C26A1BD79009FEE66 /* Result+Extension.swift */ = {isa = PBXFileReference; fileEncoding = 4; lastKnownFileType = sourcecode.swift; path = "Result+Extension.swift"; sourceTree = "<group>"; };
		F8C8CA3D26A1BD79009FEE66 /* String+Localization.swift */ = {isa = PBXFileReference; fileEncoding = 4; lastKnownFileType = sourcecode.swift; path = "String+Localization.swift"; sourceTree = "<group>"; };
		F8C8CA4C26A1BDDA009FEE66 /* AnyPublisher+Helper.swift */ = {isa = PBXFileReference; fileEncoding = 4; lastKnownFileType = sourcecode.swift; path = "AnyPublisher+Helper.swift"; sourceTree = "<group>"; };
		F8C8CA4E26A1BDDA009FEE66 /* RxSwift+Unwrap.swift */ = {isa = PBXFileReference; fileEncoding = 4; lastKnownFileType = sourcecode.swift; path = "RxSwift+Unwrap.swift"; sourceTree = "<group>"; };
		F8C8CA4F26A1BDDA009FEE66 /* Single+Additionals.swift */ = {isa = PBXFileReference; fileEncoding = 4; lastKnownFileType = sourcecode.swift; path = "Single+Additionals.swift"; sourceTree = "<group>"; };
		F8C8CA5926A1BE65009FEE66 /* AtomicWrapper.swift */ = {isa = PBXFileReference; fileEncoding = 4; lastKnownFileType = sourcecode.swift; path = AtomicWrapper.swift; sourceTree = "<group>"; };
		FC9EAF1EE9AC816A01DDB330 /* Pods-PhotoAppDemoTests.release.xcconfig */ = {isa = PBXFileReference; includeInIndex = 1; lastKnownFileType = text.xcconfig; name = "Pods-PhotoAppDemoTests.release.xcconfig"; path = "Target Support Files/Pods-PhotoAppDemoTests/Pods-PhotoAppDemoTests.release.xcconfig"; sourceTree = "<group>"; };
/* End PBXFileReference section */

/* Begin PBXFrameworksBuildPhase section */
		F88C526D26A0777F00A51C61 /* Frameworks */ = {
			isa = PBXFrameworksBuildPhase;
			buildActionMask = 2147483647;
			files = (
				2C6E7C77D9BCB0E9B7C021A5 /* Pods_PhotoAppDemo.framework in Frameworks */,
			);
			runOnlyForDeploymentPostprocessing = 0;
		};
		F88C528326A0778000A51C61 /* Frameworks */ = {
			isa = PBXFrameworksBuildPhase;
			buildActionMask = 2147483647;
			files = (
				3E6C3B17EE5425F2C7F9AD6C /* Pods_PhotoAppDemoTests.framework in Frameworks */,
			);
			runOnlyForDeploymentPostprocessing = 0;
		};
		F88C528E26A0778000A51C61 /* Frameworks */ = {
			isa = PBXFrameworksBuildPhase;
			buildActionMask = 2147483647;
			files = (
				9CA149A9DCDCD3CB3F59FD00 /* Pods_PhotoAppDemo_PhotoAppDemoUITests.framework in Frameworks */,
			);
			runOnlyForDeploymentPostprocessing = 0;
		};
/* End PBXFrameworksBuildPhase section */

/* Begin PBXGroup section */
		0D4FFCF6F6E13FF8F2441E88 /* Frameworks */ = {
			isa = PBXGroup;
			children = (
				1357C6DB03CD0DEB234A74D8 /* Pods_PhotoAppDemo.framework */,
				2A7F8C96172EDA3942E32375 /* Pods_PhotoAppDemo_PhotoAppDemoUITests.framework */,
				3989021A1F391CCD92853583 /* Pods_PhotoAppDemoTests.framework */,
			);
			name = Frameworks;
			sourceTree = "<group>";
		};
		1131D5626F9EEA80AB07EB51 /* Pods */ = {
			isa = PBXGroup;
			children = (
				B0A806F498D75C3E5CFEE7B6 /* Pods-PhotoAppDemo.debug.xcconfig */,
				AEDC41CD9EE61107983D846D /* Pods-PhotoAppDemo.release.xcconfig */,
				28CD5C77A1DD4B976AC7BE66 /* Pods-PhotoAppDemo-PhotoAppDemoUITests.debug.xcconfig */,
				F68C5BAE1CBA3E3D975C09F4 /* Pods-PhotoAppDemo-PhotoAppDemoUITests.release.xcconfig */,
				E1119B6160D385A0EE682A76 /* Pods-PhotoAppDemoTests.debug.xcconfig */,
				FC9EAF1EE9AC816A01DDB330 /* Pods-PhotoAppDemoTests.release.xcconfig */,
			);
			path = Pods;
			sourceTree = "<group>";
		};
		F88C526726A0777F00A51C61 = {
			isa = PBXGroup;
			children = (
				F88C527226A0777F00A51C61 /* PhotoAppDemo */,
				F88C528926A0778000A51C61 /* PhotoAppDemoTests */,
				F88C529426A0778000A51C61 /* PhotoAppDemoUITests */,
				F88C527126A0777F00A51C61 /* Products */,
				1131D5626F9EEA80AB07EB51 /* Pods */,
				0D4FFCF6F6E13FF8F2441E88 /* Frameworks */,
			);
			sourceTree = "<group>";
		};
		F88C527126A0777F00A51C61 /* Products */ = {
			isa = PBXGroup;
			children = (
				F88C527026A0777F00A51C61 /* PhotoAppDemo.app */,
				F88C528626A0778000A51C61 /* PhotoAppDemoTests.xctest */,
				F88C529126A0778000A51C61 /* PhotoAppDemoUITests.xctest */,
			);
			name = Products;
			sourceTree = "<group>";
		};
		F88C527226A0777F00A51C61 /* PhotoAppDemo */ = {
			isa = PBXGroup;
			children = (
				F8C8C9C126A19DD0009FEE66 /* Classes */,
				F8C8C9CD26A19DD0009FEE66 /* Resources */,
				F88C528126A0777F00A51C61 /* Info.plist */,
			);
			path = PhotoAppDemo;
			sourceTree = "<group>";
		};
		F88C528926A0778000A51C61 /* PhotoAppDemoTests */ = {
			isa = PBXGroup;
			children = (
				F88C528A26A0778000A51C61 /* PhotoAppDemoTests.swift */,
				F88C528C26A0778000A51C61 /* Info.plist */,
			);
			path = PhotoAppDemoTests;
			sourceTree = "<group>";
		};
		F88C529426A0778000A51C61 /* PhotoAppDemoUITests */ = {
			isa = PBXGroup;
			children = (
				F88C529526A0778000A51C61 /* PhotoAppDemoUITests.swift */,
				F88C529726A0778000A51C61 /* Info.plist */,
			);
			path = PhotoAppDemoUITests;
			sourceTree = "<group>";
		};
		F8C8C9C126A19DD0009FEE66 /* Classes */ = {
			isa = PBXGroup;
			children = (
				F8C8C9C626A19DD0009FEE66 /* Application */,
				F8C8C9CC26A19DD0009FEE66 /* Presentation */,
				F8C8C9C826A19DD0009FEE66 /* Domain */,
				F8C8C9CA26A19DD0009FEE66 /* DataLayer */,
				F8C8C9C226A19DD0009FEE66 /* Extensions */,
				F8C8C9C426A19DD0009FEE66 /* Utilites */,
			);
			path = Classes;
			sourceTree = "<group>";
		};
		F8C8C9C226A19DD0009FEE66 /* Extensions */ = {
			isa = PBXGroup;
			children = (
				F8C8CA4B26A1BDDA009FEE66 /* Combine */,
				F8C8CA3626A1BD79009FEE66 /* Foundation */,
				F8C8CA4D26A1BDDA009FEE66 /* RxSwift */,
			);
			path = Extensions;
			sourceTree = "<group>";
		};
		F8C8C9C426A19DD0009FEE66 /* Utilites */ = {
			isa = PBXGroup;
			children = (
				F8C8CA5926A1BE65009FEE66 /* AtomicWrapper.swift */,
				F8C8C9E226A19ED6009FEE66 /* Logger.swift */,
			);
			path = Utilites;
			sourceTree = "<group>";
		};
		F8C8C9C626A19DD0009FEE66 /* Application */ = {
			isa = PBXGroup;
			children = (
				F88C527326A0777F00A51C61 /* AppDelegate.swift */,
				F8C8C9FD26A19F63009FEE66 /* AppConfig.swift */,
				F8C8CA2E26A1BCB0009FEE66 /* AppStrings.swift */,
			);
			path = Application;
			sourceTree = "<group>";
		};
		F8C8C9C826A19DD0009FEE66 /* Domain */ = {
			isa = PBXGroup;
			children = (
			);
			path = Domain;
			sourceTree = "<group>";
		};
		F8C8C9CA26A19DD0009FEE66 /* DataLayer */ = {
			isa = PBXGroup;
			children = (
				F8C8CA1326A1A58C009FEE66 /* Abstract */,
				F8C8CA1026A1A58C009FEE66 /* Implementation */,
				F8C8CA1726A1A58C009FEE66 /* Request */,
				F8C8CA0C26A1A58C009FEE66 /* Response */,
			);
			path = DataLayer;
			sourceTree = "<group>";
		};
		F8C8C9CC26A19DD0009FEE66 /* Presentation */ = {
			isa = PBXGroup;
			children = (
			);
			path = Presentation;
			sourceTree = "<group>";
		};
		F8C8C9CD26A19DD0009FEE66 /* Resources */ = {
			isa = PBXGroup;
			children = (
				F8C8C9CE26A19DD0009FEE66 /* Storyboards */,
				F8C8C9D326A19DD0009FEE66 /* Assets.xcassets */,
			);
			path = Resources;
			sourceTree = "<group>";
		};
		F8C8C9CE26A19DD0009FEE66 /* Storyboards */ = {
			isa = PBXGroup;
			children = (
				F8C8C9CF26A19DD0009FEE66 /* LaunchScreen.storyboard */,
				F8C8C9D126A19DD0009FEE66 /* Main.storyboard */,
			);
			path = Storyboards;
			sourceTree = "<group>";
		};
		F8C8CA0C26A1A58C009FEE66 /* Response */ = {
			isa = PBXGroup;
			children = (
				F8C8CA0D26A1A58C009FEE66 /* APIServerResponse.swift */,
				F8C8CA0E26A1A58C009FEE66 /* APIServerResponseError.swift */,
				F8C8CA0F26A1A58C009FEE66 /* APIServerResponseStatus.swift */,
			);
			path = Response;
			sourceTree = "<group>";
		};
		F8C8CA1026A1A58C009FEE66 /* Implementation */ = {
			isa = PBXGroup;
			children = (
				F8C8CA1126A1A58C009FEE66 /* APIClientService.swift */,
				F8C8CA1226A1A58C009FEE66 /* APIAuthenticatior.swift */,
			);
			path = Implementation;
			sourceTree = "<group>";
		};
		F8C8CA1326A1A58C009FEE66 /* Abstract */ = {
			isa = PBXGroup;
			children = (
				F8C8CA1426A1A58C009FEE66 /* NetworkService.swift */,
				F8C8CA1526A1A58C009FEE66 /* NetworkResponseValidation.swift */,
				F8C8CA1626A1A58C009FEE66 /* NetworkRequest.swift */,
			);
			path = Abstract;
			sourceTree = "<group>";
		};
		F8C8CA1726A1A58C009FEE66 /* Request */ = {
			isa = PBXGroup;
			children = (
				F8C8CA1826A1A58C009FEE66 /* APIParametersRequest.swift */,
				F8C8CA1A26A1A58C009FEE66 /* HTTPResponseValidation.swift */,
				F8C8CA1B26A1A58C009FEE66 /* APIEncodableRequest.swift */,
			);
			path = Request;
			sourceTree = "<group>";
		};
		F8C8CA3626A1BD79009FEE66 /* Foundation */ = {
			isa = PBXGroup;
			children = (
				F8C8CA3826A1BD79009FEE66 /* Bundle+Extension.swift */,
				F8C8CA3926A1BD79009FEE66 /* Collection+Additionals.swift */,
				F8C8CA3A26A1BD79009FEE66 /* DateFormatter+Extension.swift */,
				F8C8CA3726A1BD79009FEE66 /* DispatchQueue+Additional.swift */,
				F8C8CA3C26A1BD79009FEE66 /* Result+Extension.swift */,
				F8C8CA3B26A1BD79009FEE66 /* String+EmptyChecker.swift */,
				F8C8CA3D26A1BD79009FEE66 /* String+Localization.swift */,
			);
			path = Foundation;
			sourceTree = "<group>";
		};
		F8C8CA4B26A1BDDA009FEE66 /* Combine */ = {
			isa = PBXGroup;
			children = (
				F8C8CA4C26A1BDDA009FEE66 /* AnyPublisher+Helper.swift */,
			);
			path = Combine;
			sourceTree = "<group>";
		};
		F8C8CA4D26A1BDDA009FEE66 /* RxSwift */ = {
			isa = PBXGroup;
			children = (
				F8C8CA4E26A1BDDA009FEE66 /* RxSwift+Unwrap.swift */,
				F8C8CA4F26A1BDDA009FEE66 /* Single+Additionals.swift */,
			);
			path = RxSwift;
			sourceTree = "<group>";
		};
/* End PBXGroup section */

/* Begin PBXNativeTarget section */
		F88C526F26A0777F00A51C61 /* PhotoAppDemo */ = {
			isa = PBXNativeTarget;
			buildConfigurationList = F88C529A26A0778000A51C61 /* Build configuration list for PBXNativeTarget "PhotoAppDemo" */;
			buildPhases = (
				D5047B5098CB257E25093C3E /* [CP] Check Pods Manifest.lock */,
				F88C526C26A0777F00A51C61 /* Sources */,
				F88C526D26A0777F00A51C61 /* Frameworks */,
				F88C526E26A0777F00A51C61 /* Resources */,
				6324D7D1C83911AC47465B49 /* [CP] Embed Pods Frameworks */,
				F8C8CA0226A1A0C6009FEE66 /* Swiftlint Runner */,
			);
			buildRules = (
			);
			dependencies = (
			);
			name = PhotoAppDemo;
			productName = PhotoAppDemo;
			productReference = F88C527026A0777F00A51C61 /* PhotoAppDemo.app */;
			productType = "com.apple.product-type.application";
		};
		F88C528526A0778000A51C61 /* PhotoAppDemoTests */ = {
			isa = PBXNativeTarget;
			buildConfigurationList = F88C529D26A0778000A51C61 /* Build configuration list for PBXNativeTarget "PhotoAppDemoTests" */;
			buildPhases = (
				C0490EF41BEF1B90E9FF2A76 /* [CP] Check Pods Manifest.lock */,
				F88C528226A0778000A51C61 /* Sources */,
				F88C528326A0778000A51C61 /* Frameworks */,
				F88C528426A0778000A51C61 /* Resources */,
			);
			buildRules = (
			);
			dependencies = (
				F88C528826A0778000A51C61 /* PBXTargetDependency */,
			);
			name = PhotoAppDemoTests;
			productName = PhotoAppDemoTests;
			productReference = F88C528626A0778000A51C61 /* PhotoAppDemoTests.xctest */;
			productType = "com.apple.product-type.bundle.unit-test";
		};
		F88C529026A0778000A51C61 /* PhotoAppDemoUITests */ = {
			isa = PBXNativeTarget;
			buildConfigurationList = F88C52A026A0778000A51C61 /* Build configuration list for PBXNativeTarget "PhotoAppDemoUITests" */;
			buildPhases = (
				1CA76253FC14889CEF36AB3E /* [CP] Check Pods Manifest.lock */,
				F88C528D26A0778000A51C61 /* Sources */,
				F88C528E26A0778000A51C61 /* Frameworks */,
				F88C528F26A0778000A51C61 /* Resources */,
				E15F78EB855033E877BFDCAC /* [CP] Embed Pods Frameworks */,
			);
			buildRules = (
			);
			dependencies = (
				F88C529326A0778000A51C61 /* PBXTargetDependency */,
			);
			name = PhotoAppDemoUITests;
			productName = PhotoAppDemoUITests;
			productReference = F88C529126A0778000A51C61 /* PhotoAppDemoUITests.xctest */;
			productType = "com.apple.product-type.bundle.ui-testing";
		};
/* End PBXNativeTarget section */

/* Begin PBXProject section */
		F88C526826A0777F00A51C61 /* Project object */ = {
			isa = PBXProject;
			attributes = {
				LastSwiftUpdateCheck = 1220;
				LastUpgradeCheck = 1220;
				ORGANIZATIONNAME = iFarshad;
				TargetAttributes = {
					F88C526F26A0777F00A51C61 = {
						CreatedOnToolsVersion = 12.2;
					};
					F88C528526A0778000A51C61 = {
						CreatedOnToolsVersion = 12.2;
						TestTargetID = F88C526F26A0777F00A51C61;
					};
					F88C529026A0778000A51C61 = {
						CreatedOnToolsVersion = 12.2;
						TestTargetID = F88C526F26A0777F00A51C61;
					};
				};
			};
			buildConfigurationList = F88C526B26A0777F00A51C61 /* Build configuration list for PBXProject "PhotoAppDemo" */;
			compatibilityVersion = "Xcode 9.3";
			developmentRegion = en;
			hasScannedForEncodings = 0;
			knownRegions = (
				en,
				Base,
			);
			mainGroup = F88C526726A0777F00A51C61;
			productRefGroup = F88C527126A0777F00A51C61 /* Products */;
			projectDirPath = "";
			projectRoot = "";
			targets = (
				F88C526F26A0777F00A51C61 /* PhotoAppDemo */,
				F88C528526A0778000A51C61 /* PhotoAppDemoTests */,
				F88C529026A0778000A51C61 /* PhotoAppDemoUITests */,
			);
		};
/* End PBXProject section */

/* Begin PBXResourcesBuildPhase section */
		F88C526E26A0777F00A51C61 /* Resources */ = {
			isa = PBXResourcesBuildPhase;
			buildActionMask = 2147483647;
			files = (
				F8C8C9DA26A19DD0009FEE66 /* Main.storyboard in Resources */,
				F8C8C9DB26A19DD0009FEE66 /* Assets.xcassets in Resources */,
				F8C8C9D926A19DD0009FEE66 /* LaunchScreen.storyboard in Resources */,
			);
			runOnlyForDeploymentPostprocessing = 0;
		};
		F88C528426A0778000A51C61 /* Resources */ = {
			isa = PBXResourcesBuildPhase;
			buildActionMask = 2147483647;
			files = (
			);
			runOnlyForDeploymentPostprocessing = 0;
		};
		F88C528F26A0778000A51C61 /* Resources */ = {
			isa = PBXResourcesBuildPhase;
			buildActionMask = 2147483647;
			files = (
			);
			runOnlyForDeploymentPostprocessing = 0;
		};
/* End PBXResourcesBuildPhase section */

/* Begin PBXShellScriptBuildPhase section */
		1CA76253FC14889CEF36AB3E /* [CP] Check Pods Manifest.lock */ = {
			isa = PBXShellScriptBuildPhase;
			buildActionMask = 2147483647;
			files = (
			);
			inputFileListPaths = (
			);
			inputPaths = (
				"${PODS_PODFILE_DIR_PATH}/Podfile.lock",
				"${PODS_ROOT}/Manifest.lock",
			);
			name = "[CP] Check Pods Manifest.lock";
			outputFileListPaths = (
			);
			outputPaths = (
				"$(DERIVED_FILE_DIR)/Pods-PhotoAppDemo-PhotoAppDemoUITests-checkManifestLockResult.txt",
			);
			runOnlyForDeploymentPostprocessing = 0;
			shellPath = /bin/sh;
			shellScript = "diff \"${PODS_PODFILE_DIR_PATH}/Podfile.lock\" \"${PODS_ROOT}/Manifest.lock\" > /dev/null\nif [ $? != 0 ] ; then\n    # print error to STDERR\n    echo \"error: The sandbox is not in sync with the Podfile.lock. Run 'pod install' or update your CocoaPods installation.\" >&2\n    exit 1\nfi\n# This output is used by Xcode 'outputs' to avoid re-running this script phase.\necho \"SUCCESS\" > \"${SCRIPT_OUTPUT_FILE_0}\"\n";
			showEnvVarsInLog = 0;
		};
		6324D7D1C83911AC47465B49 /* [CP] Embed Pods Frameworks */ = {
			isa = PBXShellScriptBuildPhase;
			buildActionMask = 2147483647;
			files = (
			);
			inputFileListPaths = (
				"${PODS_ROOT}/Target Support Files/Pods-PhotoAppDemo/Pods-PhotoAppDemo-frameworks-${CONFIGURATION}-input-files.xcfilelist",
			);
			name = "[CP] Embed Pods Frameworks";
			outputFileListPaths = (
				"${PODS_ROOT}/Target Support Files/Pods-PhotoAppDemo/Pods-PhotoAppDemo-frameworks-${CONFIGURATION}-output-files.xcfilelist",
			);
			runOnlyForDeploymentPostprocessing = 0;
			shellPath = /bin/sh;
			shellScript = "\"${PODS_ROOT}/Target Support Files/Pods-PhotoAppDemo/Pods-PhotoAppDemo-frameworks.sh\"\n";
			showEnvVarsInLog = 0;
		};
		C0490EF41BEF1B90E9FF2A76 /* [CP] Check Pods Manifest.lock */ = {
			isa = PBXShellScriptBuildPhase;
			buildActionMask = 2147483647;
			files = (
			);
			inputFileListPaths = (
			);
			inputPaths = (
				"${PODS_PODFILE_DIR_PATH}/Podfile.lock",
				"${PODS_ROOT}/Manifest.lock",
			);
			name = "[CP] Check Pods Manifest.lock";
			outputFileListPaths = (
			);
			outputPaths = (
				"$(DERIVED_FILE_DIR)/Pods-PhotoAppDemoTests-checkManifestLockResult.txt",
			);
			runOnlyForDeploymentPostprocessing = 0;
			shellPath = /bin/sh;
			shellScript = "diff \"${PODS_PODFILE_DIR_PATH}/Podfile.lock\" \"${PODS_ROOT}/Manifest.lock\" > /dev/null\nif [ $? != 0 ] ; then\n    # print error to STDERR\n    echo \"error: The sandbox is not in sync with the Podfile.lock. Run 'pod install' or update your CocoaPods installation.\" >&2\n    exit 1\nfi\n# This output is used by Xcode 'outputs' to avoid re-running this script phase.\necho \"SUCCESS\" > \"${SCRIPT_OUTPUT_FILE_0}\"\n";
			showEnvVarsInLog = 0;
		};
		D5047B5098CB257E25093C3E /* [CP] Check Pods Manifest.lock */ = {
			isa = PBXShellScriptBuildPhase;
			buildActionMask = 2147483647;
			files = (
			);
			inputFileListPaths = (
			);
			inputPaths = (
				"${PODS_PODFILE_DIR_PATH}/Podfile.lock",
				"${PODS_ROOT}/Manifest.lock",
			);
			name = "[CP] Check Pods Manifest.lock";
			outputFileListPaths = (
			);
			outputPaths = (
				"$(DERIVED_FILE_DIR)/Pods-PhotoAppDemo-checkManifestLockResult.txt",
			);
			runOnlyForDeploymentPostprocessing = 0;
			shellPath = /bin/sh;
			shellScript = "diff \"${PODS_PODFILE_DIR_PATH}/Podfile.lock\" \"${PODS_ROOT}/Manifest.lock\" > /dev/null\nif [ $? != 0 ] ; then\n    # print error to STDERR\n    echo \"error: The sandbox is not in sync with the Podfile.lock. Run 'pod install' or update your CocoaPods installation.\" >&2\n    exit 1\nfi\n# This output is used by Xcode 'outputs' to avoid re-running this script phase.\necho \"SUCCESS\" > \"${SCRIPT_OUTPUT_FILE_0}\"\n";
			showEnvVarsInLog = 0;
		};
		E15F78EB855033E877BFDCAC /* [CP] Embed Pods Frameworks */ = {
			isa = PBXShellScriptBuildPhase;
			buildActionMask = 2147483647;
			files = (
			);
			inputFileListPaths = (
				"${PODS_ROOT}/Target Support Files/Pods-PhotoAppDemo-PhotoAppDemoUITests/Pods-PhotoAppDemo-PhotoAppDemoUITests-frameworks-${CONFIGURATION}-input-files.xcfilelist",
			);
			name = "[CP] Embed Pods Frameworks";
			outputFileListPaths = (
				"${PODS_ROOT}/Target Support Files/Pods-PhotoAppDemo-PhotoAppDemoUITests/Pods-PhotoAppDemo-PhotoAppDemoUITests-frameworks-${CONFIGURATION}-output-files.xcfilelist",
			);
			runOnlyForDeploymentPostprocessing = 0;
			shellPath = /bin/sh;
			shellScript = "\"${PODS_ROOT}/Target Support Files/Pods-PhotoAppDemo-PhotoAppDemoUITests/Pods-PhotoAppDemo-PhotoAppDemoUITests-frameworks.sh\"\n";
			showEnvVarsInLog = 0;
		};
		F8C8CA0226A1A0C6009FEE66 /* Swiftlint Runner */ = {
			isa = PBXShellScriptBuildPhase;
			buildActionMask = 2147483647;
			files = (
			);
			inputFileListPaths = (
			);
			inputPaths = (
			);
			name = "Swiftlint Runner";
			outputFileListPaths = (
			);
			outputPaths = (
			);
			runOnlyForDeploymentPostprocessing = 0;
			shellPath = /bin/sh;
			shellScript = "# Type a script or drag a script file from your workspace to insert its path.\nif which swiftlint >/dev/null; then\n    swiftlint autocorrect\n    swiftlint \nelif which \"${PODS_ROOT}/SwiftLint/swiftlint\" >/dev/null; then\n    echo \"${PODS_ROOT}/SwiftLint/swiftlint autocorrect\"\n    echo \"${PODS_ROOT}/SwiftLint/swiftlint\"\nelse\n    echo \"warning: SwiftLint not installed, download from https://github.com/realm/SwiftLint\"\nfi\n";
		};
/* End PBXShellScriptBuildPhase section */

/* Begin PBXSourcesBuildPhase section */
		F88C526C26A0777F00A51C61 /* Sources */ = {
			isa = PBXSourcesBuildPhase;
			buildActionMask = 2147483647;
			files = (
				F8C8CA2026A1A58C009FEE66 /* APIAuthenticatior.swift in Sources */,
				F8C8CA4426A1BD79009FEE66 /* String+Localization.swift in Sources */,
				F8C8CA3F26A1BD79009FEE66 /* Bundle+Extension.swift in Sources */,
				F8C8CA4226A1BD79009FEE66 /* String+EmptyChecker.swift in Sources */,
				F8C8C9FE26A19F63009FEE66 /* AppConfig.swift in Sources */,
				F8C8CA3E26A1BD79009FEE66 /* DispatchQueue+Additional.swift in Sources */,
				F8C8CA2626A1A58C009FEE66 /* HTTPResponseValidation.swift in Sources */,
				F8C8CA4326A1BD79009FEE66 /* Result+Extension.swift in Sources */,
				F8C8CA1D26A1A58C009FEE66 /* APIServerResponseError.swift in Sources */,
				F8C8C9E326A19ED6009FEE66 /* Logger.swift in Sources */,
				F8C8CA5A26A1BE65009FEE66 /* AtomicWrapper.swift in Sources */,
				F8C8CA2426A1A58C009FEE66 /* APIParametersRequest.swift in Sources */,
				F8C8CA2126A1A58C009FEE66 /* NetworkService.swift in Sources */,
				F8C8CA5226A1BDDA009FEE66 /* Single+Additionals.swift in Sources */,
				F8C8CA1C26A1A58C009FEE66 /* APIServerResponse.swift in Sources */,
				F8C8CA2226A1A58C009FEE66 /* NetworkResponseValidation.swift in Sources */,
				F8C8CA2726A1A58C009FEE66 /* APIEncodableRequest.swift in Sources */,
				F8C8CA5026A1BDDA009FEE66 /* AnyPublisher+Helper.swift in Sources */,
				F8C8CA1E26A1A58C009FEE66 /* APIServerResponseStatus.swift in Sources */,
				F8C8CA2F26A1BCB0009FEE66 /* AppStrings.swift in Sources */,
				F8C8CA4126A1BD79009FEE66 /* DateFormatter+Extension.swift in Sources */,
				F8C8CA2326A1A58C009FEE66 /* NetworkRequest.swift in Sources */,
				F8C8CA1F26A1A58C009FEE66 /* APIClientService.swift in Sources */,
				F8C8CA4026A1BD79009FEE66 /* Collection+Additionals.swift in Sources */,
				F8C8CA5126A1BDDA009FEE66 /* RxSwift+Unwrap.swift in Sources */,
				F88C527426A0777F00A51C61 /* AppDelegate.swift in Sources */,
			);
			runOnlyForDeploymentPostprocessing = 0;
		};
		F88C528226A0778000A51C61 /* Sources */ = {
			isa = PBXSourcesBuildPhase;
			buildActionMask = 2147483647;
			files = (
				F88C528B26A0778000A51C61 /* PhotoAppDemoTests.swift in Sources */,
			);
			runOnlyForDeploymentPostprocessing = 0;
		};
		F88C528D26A0778000A51C61 /* Sources */ = {
			isa = PBXSourcesBuildPhase;
			buildActionMask = 2147483647;
			files = (
				F88C529626A0778000A51C61 /* PhotoAppDemoUITests.swift in Sources */,
			);
			runOnlyForDeploymentPostprocessing = 0;
		};
/* End PBXSourcesBuildPhase section */

/* Begin PBXTargetDependency section */
		F88C528826A0778000A51C61 /* PBXTargetDependency */ = {
			isa = PBXTargetDependency;
			target = F88C526F26A0777F00A51C61 /* PhotoAppDemo */;
			targetProxy = F88C528726A0778000A51C61 /* PBXContainerItemProxy */;
		};
		F88C529326A0778000A51C61 /* PBXTargetDependency */ = {
			isa = PBXTargetDependency;
			target = F88C526F26A0777F00A51C61 /* PhotoAppDemo */;
			targetProxy = F88C529226A0778000A51C61 /* PBXContainerItemProxy */;
		};
/* End PBXTargetDependency section */

/* Begin PBXVariantGroup section */
		F8C8C9CF26A19DD0009FEE66 /* LaunchScreen.storyboard */ = {
			isa = PBXVariantGroup;
			children = (
				F8C8C9D026A19DD0009FEE66 /* Base */,
			);
			name = LaunchScreen.storyboard;
			sourceTree = "<group>";
		};
		F8C8C9D126A19DD0009FEE66 /* Main.storyboard */ = {
			isa = PBXVariantGroup;
			children = (
				F8C8C9D226A19DD0009FEE66 /* Base */,
			);
			name = Main.storyboard;
			sourceTree = "<group>";
		};
/* End PBXVariantGroup section */

/* Begin XCBuildConfiguration section */
		F88C529826A0778000A51C61 /* Debug */ = {
			isa = XCBuildConfiguration;
			buildSettings = {
				ALWAYS_SEARCH_USER_PATHS = NO;
				CLANG_ANALYZER_NONNULL = YES;
				CLANG_ANALYZER_NUMBER_OBJECT_CONVERSION = YES_AGGRESSIVE;
				CLANG_CXX_LANGUAGE_STANDARD = "gnu++14";
				CLANG_CXX_LIBRARY = "libc++";
				CLANG_ENABLE_MODULES = YES;
				CLANG_ENABLE_OBJC_ARC = YES;
				CLANG_ENABLE_OBJC_WEAK = YES;
				CLANG_WARN_BLOCK_CAPTURE_AUTORELEASING = YES;
				CLANG_WARN_BOOL_CONVERSION = YES;
				CLANG_WARN_COMMA = YES;
				CLANG_WARN_CONSTANT_CONVERSION = YES;
				CLANG_WARN_DEPRECATED_OBJC_IMPLEMENTATIONS = YES;
				CLANG_WARN_DIRECT_OBJC_ISA_USAGE = YES_ERROR;
				CLANG_WARN_DOCUMENTATION_COMMENTS = YES;
				CLANG_WARN_EMPTY_BODY = YES;
				CLANG_WARN_ENUM_CONVERSION = YES;
				CLANG_WARN_INFINITE_RECURSION = YES;
				CLANG_WARN_INT_CONVERSION = YES;
				CLANG_WARN_NON_LITERAL_NULL_CONVERSION = YES;
				CLANG_WARN_OBJC_IMPLICIT_RETAIN_SELF = YES;
				CLANG_WARN_OBJC_LITERAL_CONVERSION = YES;
				CLANG_WARN_OBJC_ROOT_CLASS = YES_ERROR;
				CLANG_WARN_QUOTED_INCLUDE_IN_FRAMEWORK_HEADER = YES;
				CLANG_WARN_RANGE_LOOP_ANALYSIS = YES;
				CLANG_WARN_STRICT_PROTOTYPES = YES;
				CLANG_WARN_SUSPICIOUS_MOVE = YES;
				CLANG_WARN_UNGUARDED_AVAILABILITY = YES_AGGRESSIVE;
				CLANG_WARN_UNREACHABLE_CODE = YES;
				CLANG_WARN__DUPLICATE_METHOD_MATCH = YES;
				COPY_PHASE_STRIP = NO;
				DEBUG_INFORMATION_FORMAT = dwarf;
				ENABLE_STRICT_OBJC_MSGSEND = YES;
				ENABLE_TESTABILITY = YES;
				GCC_C_LANGUAGE_STANDARD = gnu11;
				GCC_DYNAMIC_NO_PIC = NO;
				GCC_NO_COMMON_BLOCKS = YES;
				GCC_OPTIMIZATION_LEVEL = 0;
				GCC_PREPROCESSOR_DEFINITIONS = (
					"DEBUG=1",
					"$(inherited)",
				);
				GCC_WARN_64_TO_32_BIT_CONVERSION = YES;
				GCC_WARN_ABOUT_RETURN_TYPE = YES_ERROR;
				GCC_WARN_UNDECLARED_SELECTOR = YES;
				GCC_WARN_UNINITIALIZED_AUTOS = YES_AGGRESSIVE;
				GCC_WARN_UNUSED_FUNCTION = YES;
				GCC_WARN_UNUSED_VARIABLE = YES;
				IPHONEOS_DEPLOYMENT_TARGET = 14.2;
				MTL_ENABLE_DEBUG_INFO = INCLUDE_SOURCE;
				MTL_FAST_MATH = YES;
				ONLY_ACTIVE_ARCH = YES;
				SDKROOT = iphoneos;
				SWIFT_ACTIVE_COMPILATION_CONDITIONS = DEBUG;
				SWIFT_OPTIMIZATION_LEVEL = "-Onone";
			};
			name = Debug;
		};
		F88C529926A0778000A51C61 /* Release */ = {
			isa = XCBuildConfiguration;
			buildSettings = {
				ALWAYS_SEARCH_USER_PATHS = NO;
				CLANG_ANALYZER_NONNULL = YES;
				CLANG_ANALYZER_NUMBER_OBJECT_CONVERSION = YES_AGGRESSIVE;
				CLANG_CXX_LANGUAGE_STANDARD = "gnu++14";
				CLANG_CXX_LIBRARY = "libc++";
				CLANG_ENABLE_MODULES = YES;
				CLANG_ENABLE_OBJC_ARC = YES;
				CLANG_ENABLE_OBJC_WEAK = YES;
				CLANG_WARN_BLOCK_CAPTURE_AUTORELEASING = YES;
				CLANG_WARN_BOOL_CONVERSION = YES;
				CLANG_WARN_COMMA = YES;
				CLANG_WARN_CONSTANT_CONVERSION = YES;
				CLANG_WARN_DEPRECATED_OBJC_IMPLEMENTATIONS = YES;
				CLANG_WARN_DIRECT_OBJC_ISA_USAGE = YES_ERROR;
				CLANG_WARN_DOCUMENTATION_COMMENTS = YES;
				CLANG_WARN_EMPTY_BODY = YES;
				CLANG_WARN_ENUM_CONVERSION = YES;
				CLANG_WARN_INFINITE_RECURSION = YES;
				CLANG_WARN_INT_CONVERSION = YES;
				CLANG_WARN_NON_LITERAL_NULL_CONVERSION = YES;
				CLANG_WARN_OBJC_IMPLICIT_RETAIN_SELF = YES;
				CLANG_WARN_OBJC_LITERAL_CONVERSION = YES;
				CLANG_WARN_OBJC_ROOT_CLASS = YES_ERROR;
				CLANG_WARN_QUOTED_INCLUDE_IN_FRAMEWORK_HEADER = YES;
				CLANG_WARN_RANGE_LOOP_ANALYSIS = YES;
				CLANG_WARN_STRICT_PROTOTYPES = YES;
				CLANG_WARN_SUSPICIOUS_MOVE = YES;
				CLANG_WARN_UNGUARDED_AVAILABILITY = YES_AGGRESSIVE;
				CLANG_WARN_UNREACHABLE_CODE = YES;
				CLANG_WARN__DUPLICATE_METHOD_MATCH = YES;
				COPY_PHASE_STRIP = NO;
				DEBUG_INFORMATION_FORMAT = "dwarf-with-dsym";
				ENABLE_NS_ASSERTIONS = NO;
				ENABLE_STRICT_OBJC_MSGSEND = YES;
				GCC_C_LANGUAGE_STANDARD = gnu11;
				GCC_NO_COMMON_BLOCKS = YES;
				GCC_WARN_64_TO_32_BIT_CONVERSION = YES;
				GCC_WARN_ABOUT_RETURN_TYPE = YES_ERROR;
				GCC_WARN_UNDECLARED_SELECTOR = YES;
				GCC_WARN_UNINITIALIZED_AUTOS = YES_AGGRESSIVE;
				GCC_WARN_UNUSED_FUNCTION = YES;
				GCC_WARN_UNUSED_VARIABLE = YES;
				IPHONEOS_DEPLOYMENT_TARGET = 14.2;
				MTL_ENABLE_DEBUG_INFO = NO;
				MTL_FAST_MATH = YES;
				SDKROOT = iphoneos;
				SWIFT_COMPILATION_MODE = wholemodule;
				SWIFT_OPTIMIZATION_LEVEL = "-O";
				VALIDATE_PRODUCT = YES;
			};
			name = Release;
		};
		F88C529B26A0778000A51C61 /* Debug */ = {
			isa = XCBuildConfiguration;
			baseConfigurationReference = B0A806F498D75C3E5CFEE7B6 /* Pods-PhotoAppDemo.debug.xcconfig */;
			buildSettings = {
				ASSETCATALOG_COMPILER_APPICON_NAME = AppIcon;
				ASSETCATALOG_COMPILER_GLOBAL_ACCENT_COLOR_NAME = AccentColor;
				CODE_SIGN_STYLE = Automatic;
				DEVELOPMENT_TEAM = 638B4QA28J;
				INFOPLIST_FILE = PhotoAppDemo/Info.plist;
				IPHONEOS_DEPLOYMENT_TARGET = 13.0;
				LD_RUNPATH_SEARCH_PATHS = (
					"$(inherited)",
					"@executable_path/Frameworks",
				);
				PRODUCT_BUNDLE_IDENTIFIER = me.ifarshad.PhotoAppDemo;
				PRODUCT_NAME = "$(TARGET_NAME)";
				SWIFT_VERSION = 5.0;
				TARGETED_DEVICE_FAMILY = 1;
			};
			name = Debug;
		};
		F88C529C26A0778000A51C61 /* Release */ = {
			isa = XCBuildConfiguration;
			baseConfigurationReference = AEDC41CD9EE61107983D846D /* Pods-PhotoAppDemo.release.xcconfig */;
			buildSettings = {
				ASSETCATALOG_COMPILER_APPICON_NAME = AppIcon;
				ASSETCATALOG_COMPILER_GLOBAL_ACCENT_COLOR_NAME = AccentColor;
				CODE_SIGN_STYLE = Automatic;
				DEVELOPMENT_TEAM = 638B4QA28J;
				INFOPLIST_FILE = PhotoAppDemo/Info.plist;
				IPHONEOS_DEPLOYMENT_TARGET = 13.0;
				LD_RUNPATH_SEARCH_PATHS = (
					"$(inherited)",
					"@executable_path/Frameworks",
				);
				PRODUCT_BUNDLE_IDENTIFIER = me.ifarshad.PhotoAppDemo;
				PRODUCT_NAME = "$(TARGET_NAME)";
				SWIFT_VERSION = 5.0;
				TARGETED_DEVICE_FAMILY = 1;
			};
			name = Release;
		};
		F88C529E26A0778000A51C61 /* Debug */ = {
			isa = XCBuildConfiguration;
			baseConfigurationReference = E1119B6160D385A0EE682A76 /* Pods-PhotoAppDemoTests.debug.xcconfig */;
			buildSettings = {
				ALWAYS_EMBED_SWIFT_STANDARD_LIBRARIES = YES;
				BUNDLE_LOADER = "$(TEST_HOST)";
				CODE_SIGN_STYLE = Automatic;
				DEVELOPMENT_TEAM = 638B4QA28J;
				INFOPLIST_FILE = PhotoAppDemoTests/Info.plist;
				IPHONEOS_DEPLOYMENT_TARGET = 14.2;
				LD_RUNPATH_SEARCH_PATHS = (
					"$(inherited)",
					"@executable_path/Frameworks",
					"@loader_path/Frameworks",
				);
				PRODUCT_BUNDLE_IDENTIFIER = me.ifarshad..PhotoAppDemoTests;
				PRODUCT_NAME = "$(TARGET_NAME)";
				SWIFT_VERSION = 5.0;
				TARGETED_DEVICE_FAMILY = "1,2";
				TEST_HOST = "$(BUILT_PRODUCTS_DIR)/PhotoAppDemo.app/PhotoAppDemo";
			};
			name = Debug;
		};
		F88C529F26A0778000A51C61 /* Release */ = {
			isa = XCBuildConfiguration;
			baseConfigurationReference = FC9EAF1EE9AC816A01DDB330 /* Pods-PhotoAppDemoTests.release.xcconfig */;
			buildSettings = {
				ALWAYS_EMBED_SWIFT_STANDARD_LIBRARIES = YES;
				BUNDLE_LOADER = "$(TEST_HOST)";
				CODE_SIGN_STYLE = Automatic;
				DEVELOPMENT_TEAM = 638B4QA28J;
				INFOPLIST_FILE = PhotoAppDemoTests/Info.plist;
				IPHONEOS_DEPLOYMENT_TARGET = 14.2;
				LD_RUNPATH_SEARCH_PATHS = (
					"$(inherited)",
					"@executable_path/Frameworks",
					"@loader_path/Frameworks",
				);
				PRODUCT_BUNDLE_IDENTIFIER = me.ifarshad..PhotoAppDemoTests;
				PRODUCT_NAME = "$(TARGET_NAME)";
				SWIFT_VERSION = 5.0;
				TARGETED_DEVICE_FAMILY = "1,2";
				TEST_HOST = "$(BUILT_PRODUCTS_DIR)/PhotoAppDemo.app/PhotoAppDemo";
			};
			name = Release;
		};
		F88C52A126A0778000A51C61 /* Debug */ = {
			isa = XCBuildConfiguration;
			baseConfigurationReference = 28CD5C77A1DD4B976AC7BE66 /* Pods-PhotoAppDemo-PhotoAppDemoUITests.debug.xcconfig */;
			buildSettings = {
				ALWAYS_EMBED_SWIFT_STANDARD_LIBRARIES = YES;
				CODE_SIGN_STYLE = Automatic;
				DEVELOPMENT_TEAM = 638B4QA28J;
				INFOPLIST_FILE = PhotoAppDemoUITests/Info.plist;
				LD_RUNPATH_SEARCH_PATHS = (
					"$(inherited)",
					"@executable_path/Frameworks",
					"@loader_path/Frameworks",
				);
				PRODUCT_BUNDLE_IDENTIFIER = me.ifarshad..PhotoAppDemoUITests;
				PRODUCT_NAME = "$(TARGET_NAME)";
				SWIFT_VERSION = 5.0;
				TARGETED_DEVICE_FAMILY = "1,2";
				TEST_TARGET_NAME = PhotoAppDemo;
			};
			name = Debug;
		};
		F88C52A226A0778000A51C61 /* Release */ = {
			isa = XCBuildConfiguration;
			baseConfigurationReference = F68C5BAE1CBA3E3D975C09F4 /* Pods-PhotoAppDemo-PhotoAppDemoUITests.release.xcconfig */;
			buildSettings = {
				ALWAYS_EMBED_SWIFT_STANDARD_LIBRARIES = YES;
				CODE_SIGN_STYLE = Automatic;
				DEVELOPMENT_TEAM = 638B4QA28J;
				INFOPLIST_FILE = PhotoAppDemoUITests/Info.plist;
				LD_RUNPATH_SEARCH_PATHS = (
					"$(inherited)",
					"@executable_path/Frameworks",
					"@loader_path/Frameworks",
				);
				PRODUCT_BUNDLE_IDENTIFIER = me.ifarshad..PhotoAppDemoUITests;
				PRODUCT_NAME = "$(TARGET_NAME)";
				SWIFT_VERSION = 5.0;
				TARGETED_DEVICE_FAMILY = "1,2";
				TEST_TARGET_NAME = PhotoAppDemo;
			};
			name = Release;
		};
/* End XCBuildConfiguration section */

/* Begin XCConfigurationList section */
		F88C526B26A0777F00A51C61 /* Build configuration list for PBXProject "PhotoAppDemo" */ = {
			isa = XCConfigurationList;
			buildConfigurations = (
				F88C529826A0778000A51C61 /* Debug */,
				F88C529926A0778000A51C61 /* Release */,
			);
			defaultConfigurationIsVisible = 0;
			defaultConfigurationName = Release;
		};
		F88C529A26A0778000A51C61 /* Build configuration list for PBXNativeTarget "PhotoAppDemo" */ = {
			isa = XCConfigurationList;
			buildConfigurations = (
				F88C529B26A0778000A51C61 /* Debug */,
				F88C529C26A0778000A51C61 /* Release */,
			);
			defaultConfigurationIsVisible = 0;
			defaultConfigurationName = Release;
		};
		F88C529D26A0778000A51C61 /* Build configuration list for PBXNativeTarget "PhotoAppDemoTests" */ = {
			isa = XCConfigurationList;
			buildConfigurations = (
				F88C529E26A0778000A51C61 /* Debug */,
				F88C529F26A0778000A51C61 /* Release */,
			);
			defaultConfigurationIsVisible = 0;
			defaultConfigurationName = Release;
		};
		F88C52A026A0778000A51C61 /* Build configuration list for PBXNativeTarget "PhotoAppDemoUITests" */ = {
			isa = XCConfigurationList;
			buildConfigurations = (
				F88C52A126A0778000A51C61 /* Debug */,
				F88C52A226A0778000A51C61 /* Release */,
			);
			defaultConfigurationIsVisible = 0;
			defaultConfigurationName = Release;
		};
/* End XCConfigurationList section */
	};
	rootObject = F88C526826A0777F00A51C61 /* Project object */;
}
